{
    "egulias/email-validator": {
        "version": "2.1.3"
    },
    "friendsofsymfony/user-bundle": {
        "version": "v2.1.2"
    },
    "lexik/jwt-authentication-bundle": {
        "version": "2.3",
        "recipe": {
            "repo": "github.com/symfony/recipes",
            "branch": "master",
            "version": "2.3",
            "ref": "a66e8a7b75a1825cf2414d5dd53c7ed38c8654d1"
        }
    },
    "namshi/jose": {
        "version": "7.2.3"
    },
    "nikic/php-parser": {
        "version": "v4.0.1"
    },
    "paragonie/random_compat": {
        "version": "v2.0.11"
    },
    "swiftmailer/swiftmailer": {
        "version": "v6.0.2"
    },
    "symfony/form": {
        "version": "v4.0.7"
    },
    "symfony/inflector": {
        "version": "v4.0.7"
    },
    "symfony/intl": {
        "version": "v4.0.7"
    },
    "symfony/maker-bundle": {
        "version": "1.0",
        "recipe": {
            "repo": "github.com/symfony/recipes",
            "branch": "master",
            "version": "1.0",
            "ref": "fadbfe33303a76e25cb63401050439aa9b1a9c7f"
        }
    },
    "symfony/options-resolver": {
        "version": "v4.0.7"
    },
    "symfony/polyfill-intl-icu": {
        "version": "v1.7.0"
    },
    "symfony/property-access": {
        "version": "v4.0.7"
    },
    "symfony/security-bundle": {
        "version": "3.3",
        "recipe": {
            "repo": "github.com/symfony/recipes",
            "branch": "master",
            "version": "3.3",
            "ref": "f8a63faa0d9521526499c0a8f403c9964ecb0527"
        }
    },
    "symfony/swiftmailer-bundle": {
        "version": "2.5",
        "recipe": {
            "repo": "github.com/symfony/recipes",
            "branch": "master",
            "version": "2.5",
            "ref": "3db029c03e452b4a23f7fc45cec7c922c2247eb8"
        }
    },
    "symfony/translation": {
        "version": "3.3",
        "recipe": {
            "repo": "github.com/symfony/recipes",
            "branch": "master",
            "version": "3.3",
            "ref": "6bcd6c570c017ea6ae5a7a6a027c929fd3542cd8"
        }
    },
    "symfony/twig-bridge": {
        "version": "v4.0.7"
    },
    "symfony/twig-bundle": {
        "version": "3.3",
        "recipe": {
            "repo": "github.com/symfony/recipes",
            "branch": "master",
            "version": "3.3",
            "ref": "f75ac166398e107796ca94cc57fa1edaa06ec47f"
        }
    },
    "symfony/validator": {
        "version": "v4.0.7"
    },
    "twig/twig": {
        "version": "v2.4.8"
    }
}
