{
    "composer/xdebug-handler": {
        "version": "1.1.0"
    },
    "container-interop/container-interop": {
        "version": "1.2.0"
    },
    "doctrine/data-fixtures": {
        "version": "v1.3.1"
    },
    "doctrine/doctrine-fixtures-bundle": {
        "version": "3.0",
        "recipe": {
            "repo": "github.com/symfony/recipes",
            "branch": "master",
            "version": "3.0",
            "ref": "2ea6070ecf365f9a801ccaed4b31d4a3b7af5693"
        }
    },
    "doctrine/event-manager": {
        "version": "v1.0.0"
    },
    "doctrine/persistence": {
        "version": "v1.0.0"
    },
    "doctrine/reflection": {
        "version": "v1.0.0"
    },
    "egulias/email-validator": {
        "version": "2.1.3"
    },
    "exsyst/swagger": {
        "version": "v0.4.0"
    },
    "friendsofsymfony/user-bundle": {
        "version": "v2.1.2"
    },
    "jean85/pretty-package-versions": {
        "version": "1.2"
    },
    "jms/metadata": {
        "version": "1.6.0"
    },
    "jms/parser-lib": {
        "version": "1.0.0"
    },
    "jms/serializer": {
        "version": "1.11.0"
    },
    "jms/serializer-bundle": {
        "version": "2.0",
        "recipe": {
            "repo": "github.com/symfony/recipes-contrib",
            "branch": "master",
            "version": "2.0",
            "ref": "fe60ce509ef04a3f40da96e3979bc8d9b13b2372"
        }
    },
    "lcobucci/jwt": {
        "version": "3.2.2"
    },
    "lexik/jwt-authentication-bundle": {
        "version": "2.3",
        "recipe": {
            "repo": "github.com/symfony/recipes",
            "branch": "master",
            "version": "2.3",
            "ref": "a66e8a7b75a1825cf2414d5dd53c7ed38c8654d1"
        }
    },
    "monolog/monolog": {
        "version": "1.23.0"
    },
    "namshi/jose": {
        "version": "7.2.3"
    },
    "nelmio/api-doc-bundle": {
        "version": "3.0",
        "recipe": {
            "repo": "github.com/symfony/recipes-contrib",
            "branch": "master",
            "version": "3.0",
            "ref": "c8e0c38e1a280ab9e37587a8fa32b251d5bc1c94"
        }
    },
    "nette/bootstrap": {
        "version": "v2.4.6"
    },
    "nette/di": {
        "version": "v2.4.13"
    },
    "nette/finder": {
        "version": "v2.4.2"
    },
    "nette/neon": {
        "version": "v2.4.3"
    },
    "nette/php-generator": {
        "version": "v3.0.4"
    },
    "nette/robot-loader": {
        "version": "v3.0.4"
    },
    "nette/utils": {
        "version": "v2.5.2"
    },
    "nikic/php-parser": {
        "version": "v4.0.1"
    },
    "paragonie/random_compat": {
        "version": "v2.0.11"
    },
    "phpcollection/phpcollection": {
        "version": "0.5.0"
    },
    "phpdocumentor/reflection-common": {
        "version": "1.0.1"
    },
    "phpdocumentor/reflection-docblock": {
        "version": "4.3.0"
    },
    "phpdocumentor/type-resolver": {
        "version": "0.4.0"
    },
    "phpoption/phpoption": {
        "version": "1.5.0"
    },
    "phpstan/phpdoc-parser": {
        "version": "0.3"
    },
    "phpstan/phpstan": {
        "version": "0.10.2"
    },
    "sly/notification-pusher": {
        "version": "v2.3.5"
    },
    "swiftmailer/swiftmailer": {
        "version": "v6.0.2"
    },
    "symfony/asset": {
        "version": "v4.0.9"
    },
    "symfony/form": {
        "version": "v4.0.7"
    },
    "symfony/inflector": {
        "version": "v4.0.7"
    },
    "symfony/intl": {
        "version": "v4.0.7"
    },
    "symfony/maker-bundle": {
        "version": "1.0",
        "recipe": {
            "repo": "github.com/symfony/recipes",
            "branch": "master",
            "version": "1.0",
            "ref": "fadbfe33303a76e25cb63401050439aa9b1a9c7f"
        }
    },
    "symfony/messenger": {
        "version": "4.1",
        "recipe": {
            "repo": "github.com/symfony/recipes",
            "branch": "master",
            "version": "4.1",
            "ref": "1d434cb2ee6568bee48e51b47d742f139ed00ee2"
        }
    },
    "symfony/monolog-bridge": {
        "version": "v4.0.9"
    },
    "symfony/monolog-bundle": {
        "version": "3.1",
        "recipe": {
            "repo": "github.com/symfony/recipes",
            "branch": "master",
            "version": "3.1",
            "ref": "371d1a2b69984710646b09a1182ef1d4308c904f"
        }
    },
    "symfony/options-resolver": {
        "version": "v4.0.7"
    },
    "symfony/phpunit-bridge": {
        "version": "3.3",
        "recipe": {
            "repo": "github.com/symfony/recipes",
            "branch": "master",
            "version": "3.3",
            "ref": "179470cb6492db92dffee208cfdb436f175c93b4"
        }
    },
    "symfony/polyfill-ctype": {
        "version": "v1.8.0"
    },
    "symfony/polyfill-intl-icu": {
        "version": "v1.7.0"
    },
    "symfony/process": {
        "version": "v4.0.9"
    },
    "symfony/property-access": {
        "version": "v4.0.7"
    },
    "symfony/property-info": {
        "version": "v4.0.9"
    },
    "symfony/security-bundle": {
        "version": "3.3",
        "recipe": {
            "repo": "github.com/symfony/recipes",
            "branch": "master",
            "version": "3.3",
            "ref": "f8a63faa0d9521526499c0a8f403c9964ecb0527"
        }
    },
    "symfony/swiftmailer-bundle": {
        "version": "2.5",
        "recipe": {
            "repo": "github.com/symfony/recipes",
            "branch": "master",
            "version": "2.5",
            "ref": "3db029c03e452b4a23f7fc45cec7c922c2247eb8"
        }
    },
    "symfony/translation": {
        "version": "3.3",
        "recipe": {
            "repo": "github.com/symfony/recipes",
            "branch": "master",
            "version": "3.3",
            "ref": "6bcd6c570c017ea6ae5a7a6a027c929fd3542cd8"
        }
    },
    "symfony/twig-bridge": {
        "version": "v4.0.7"
    },
    "symfony/twig-bundle": {
        "version": "3.3",
        "recipe": {
            "repo": "github.com/symfony/recipes",
            "branch": "master",
            "version": "3.3",
            "ref": "f75ac166398e107796ca94cc57fa1edaa06ec47f"
        }
    },
    "symfony/validator": {
        "version": "v4.0.7"
    },
    "twig/twig": {
        "version": "v2.4.8"
    },
    "webmozart/assert": {
        "version": "1.3.0"
    },
    "zendframework/zend-escaper": {
        "version": "2.6.0"
    },
    "zendframework/zend-http": {
        "version": "2.8.0"
    },
    "zendframework/zend-json": {
        "version": "2.6.1"
    },
    "zendframework/zend-loader": {
        "version": "2.6.0"
    },
    "zendframework/zend-stdlib": {
        "version": "3.2.0"
    },
    "zendframework/zend-uri": {
        "version": "2.6.1"
    },
    "zendframework/zend-validator": {
        "version": "2.10.2"
    },
    "zendframework/zendservice-apple-apns": {
        "version": "1.3.0"
    },
    "zendframework/zendservice-google-gcm": {
        "version": "2.1.0"
    },
    "zircote/swagger-php": {
        "version": "2.0.13"
    }
}
